
Microsoft Visual Studio Solution File, Format Version 12.00
# Visual Studio Version 17
VisualStudioVersion = 17.8.34330.188
MinimumVisualStudioVersion = 10.0.40219.1
Project("{FAE04EC0-301F-11D3-BF4B-00C04F79EFBC}") = "Create CSV", "Create CSV.csproj", "{465AB9FA-01E3-422F-B38E-D513F00846C3}"
EndProject
Global
	GlobalSection(SolutionConfigurationPlatforms) = preSolution
		Debug|Any CPU = Debug|Any CPU
		Release|Any CPU = Release|Any CPU
	EndGlobalSection
	GlobalSection(ProjectConfigurationPlatforms) = postSolution
		{465AB9FA-01E3-422F-B38E-D513F00846C3}.Debug|Any CPU.ActiveCfg = Debug|Any CPU
		{465AB9FA-01E3-422F-B38E-D513F00846C3}.Debug|Any CPU.Build.0 = Debug|Any CPU
		{465AB9FA-01E3-422F-B38E-D513F00846C3}.Release|Any CPU.ActiveCfg = Release|Any CPU
		{465AB9FA-01E3-422F-B38E-D513F00846C3}.Release|Any CPU.Build.0 = Release|Any CPU
	EndGlobalSection
	GlobalSection(SolutionProperties) = preSolution
		HideSolutionNode = FALSE
	EndGlobalSection
	GlobalSection(ExtensibilityGlobals) = postSolution
		SolutionGuid = {381150A4-D165-482B-8DDE-4CC0B48C6041}
	EndGlobalSection
EndGlobal
